
Microsoft Visual Studio Solution File, Format Version 12.00
# Visual Studio Version 17
VisualStudioVersion = 17.5.33516.290
MinimumVisualStudioVersion = 10.0.40219.1
Project("{FAE04EC0-301F-11D3-BF4B-00C04F79EFBC}") = "AuthServer.API", "AuthServer.API\AuthServer.API.csproj", "{BAA7D2EE-0EA4-44F7-B8B0-84C1D97B6A46}"
EndProject
Project("{FAE04EC0-301F-11D3-BF4B-00C04F79EFBC}") = "AuthServer.Core", "AuthServer.Core\AuthServer.Core.csproj", "{6E2D93BE-7B88-4F72-848F-A534A6B27ACE}"
EndProject
Project("{FAE04EC0-301F-11D3-BF4B-00C04F79EFBC}") = "AuthServer.Data", "AuthServer.Data\AuthServer.Data.csproj", "{4F177D7E-E139-49B4-8ABA-433FEB593B18}"
EndProject
Project("{FAE04EC0-301F-11D3-BF4B-00C04F79EFBC}") = "AuthServer.Service", "AuthServer.Service\AuthServer.Service.csproj", "{F097B9E5-A00F-499A-A33A-4C13C0D2BF79}"
EndProject
Project("{FAE04EC0-301F-11D3-BF4B-00C04F79EFBC}") = "MiniApp1.API", "MiniApp1.API\MiniApp1.API.csproj", "{F2DC8AA1-A570-49FE-9E67-501479745E1D}"
EndProject
Project("{FAE04EC0-301F-11D3-BF4B-00C04F79EFBC}") = "MiniApp2.API", "MiniApp2.API\MiniApp2.API.csproj", "{A060B3A3-A162-4E35-B0E8-67A754CE8B8E}"
EndProject
Project("{FAE04EC0-301F-11D3-BF4B-00C04F79EFBC}") = "MiniApp3.API", "MiniApp3.API\MiniApp3.API.csproj", "{A5A0EDA3-AE04-47D4-8CAC-2A2F68D900C2}"
EndProject
Project("{FAE04EC0-301F-11D3-BF4B-00C04F79EFBC}") = "SharedLibrary", "SharedLibrary\SharedLibrary.csproj", "{27F3F5B0-C27A-4127-9073-03D06A4ABBE4}"
EndProject
Global
	GlobalSection(SolutionConfigurationPlatforms) = preSolution
		Debug|Any CPU = Debug|Any CPU
		Release|Any CPU = Release|Any CPU
	EndGlobalSection
	GlobalSection(ProjectConfigurationPlatforms) = postSolution
		{BAA7D2EE-0EA4-44F7-B8B0-84C1D97B6A46}.Debug|Any CPU.ActiveCfg = Debug|Any CPU
		{BAA7D2EE-0EA4-44F7-B8B0-84C1D97B6A46}.Debug|Any CPU.Build.0 = Debug|Any CPU
		{BAA7D2EE-0EA4-44F7-B8B0-84C1D97B6A46}.Release|Any CPU.ActiveCfg = Release|Any CPU
		{BAA7D2EE-0EA4-44F7-B8B0-84C1D97B6A46}.Release|Any CPU.Build.0 = Release|Any CPU
		{6E2D93BE-7B88-4F72-848F-A534A6B27ACE}.Debug|Any CPU.ActiveCfg = Debug|Any CPU
		{6E2D93BE-7B88-4F72-848F-A534A6B27ACE}.Debug|Any CPU.Build.0 = Debug|Any CPU
		{6E2D93BE-7B88-4F72-848F-A534A6B27ACE}.Release|Any CPU.ActiveCfg = Release|Any CPU
		{6E2D93BE-7B88-4F72-848F-A534A6B27ACE}.Release|Any CPU.Build.0 = Release|Any CPU
		{4F177D7E-E139-49B4-8ABA-433FEB593B18}.Debug|Any CPU.ActiveCfg = Debug|Any CPU
		{4F177D7E-E139-49B4-8ABA-433FEB593B18}.Debug|Any CPU.Build.0 = Debug|Any CPU
		{4F177D7E-E139-49B4-8ABA-433FEB593B18}.Release|Any CPU.ActiveCfg = Release|Any CPU
		{4F177D7E-E139-49B4-8ABA-433FEB593B18}.Release|Any CPU.Build.0 = Release|Any CPU
		{F097B9E5-A00F-499A-A33A-4C13C0D2BF79}.Debug|Any CPU.ActiveCfg = Debug|Any CPU
		{F097B9E5-A00F-499A-A33A-4C13C0D2BF79}.Debug|Any CPU.Build.0 = Debug|Any CPU
		{F097B9E5-A00F-499A-A33A-4C13C0D2BF79}.Release|Any CPU.ActiveCfg = Release|Any CPU
		{F097B9E5-A00F-499A-A33A-4C13C0D2BF79}.Release|Any CPU.Build.0 = Release|Any CPU
		{F2DC8AA1-A570-49FE-9E67-501479745E1D}.Debug|Any CPU.ActiveCfg = Debug|Any CPU
		{F2DC8AA1-A570-49FE-9E67-501479745E1D}.Debug|Any CPU.Build.0 = Debug|Any CPU
		{F2DC8AA1-A570-49FE-9E67-501479745E1D}.Release|Any CPU.ActiveCfg = Release|Any CPU
		{F2DC8AA1-A570-49FE-9E67-501479745E1D}.Release|Any CPU.Build.0 = Release|Any CPU
		{A060B3A3-A162-4E35-B0E8-67A754CE8B8E}.Debug|Any CPU.ActiveCfg = Debug|Any CPU
		{A060B3A3-A162-4E35-B0E8-67A754CE8B8E}.Debug|Any CPU.Build.0 = Debug|Any CPU
		{A060B3A3-A162-4E35-B0E8-67A754CE8B8E}.Release|Any CPU.ActiveCfg = Release|Any CPU
		{A060B3A3-A162-4E35-B0E8-67A754CE8B8E}.Release|Any CPU.Build.0 = Release|Any CPU
		{A5A0EDA3-AE04-47D4-8CAC-2A2F68D900C2}.Debug|Any CPU.ActiveCfg = Debug|Any CPU
		{A5A0EDA3-AE04-47D4-8CAC-2A2F68D900C2}.Debug|Any CPU.Build.0 = Debug|Any CPU
		{A5A0EDA3-AE04-47D4-8CAC-2A2F68D900C2}.Release|Any CPU.ActiveCfg = Release|Any CPU
		{A5A0EDA3-AE04-47D4-8CAC-2A2F68D900C2}.Release|Any CPU.Build.0 = Release|Any CPU
		{27F3F5B0-C27A-4127-9073-03D06A4ABBE4}.Debug|Any CPU.ActiveCfg = Debug|Any CPU
		{27F3F5B0-C27A-4127-9073-03D06A4ABBE4}.Debug|Any CPU.Build.0 = Debug|Any CPU
		{27F3F5B0-C27A-4127-9073-03D06A4ABBE4}.Release|Any CPU.ActiveCfg = Release|Any CPU
		{27F3F5B0-C27A-4127-9073-03D06A4ABBE4}.Release|Any CPU.Build.0 = Release|Any CPU
	EndGlobalSection
	GlobalSection(SolutionProperties) = preSolution
		HideSolutionNode = FALSE
	EndGlobalSection
	GlobalSection(ExtensibilityGlobals) = postSolution
		SolutionGuid = {86246B05-F8F0-45C3-B1EB-491BF574362D}
	EndGlobalSection
EndGlobal
